{
  "name": "tokimeter-ts",
  "version": "0.1.0",
  "lockfileVersion": 3,
  "requires": true,
  "packages": {
    "": {
      "name": "tokimeter-ts",
      "version": "0.1.0",
      "workspaces": [
        "packages/*"
      ]
    },
    "node_modules/@tokimeter/core": {
      "resolved": "packages/core",
      "link": true
    },
    "node_modules/@types/vscode": {
      "version": "1.125.0",
      "resolved": "https://registry.npmjs.org/@types/vscode/-/vscode-1.125.0.tgz",
      "integrity": "sha512-0icm/ZQAaism87P0ekHqi4/Ju9du+Tm0RUW+y7vqRsxY2cY0FNRX1nAnaW7nT6npPt2tfHiheZ55Zm9UhqonFA==",
      "dev": true,
      "license": "MIT"
    },
    "node_modules/node-addon-api": {
      "version": "7.1.1",
      "resolved": "https://registry.npmjs.org/node-addon-api/-/node-addon-api-7.1.1.tgz",
      "integrity": "sha512-5m3bsyrjFWE1xf7nz7YXdN4udnVtXK6/Yfgn5qnahL6bCkf2yKt4k3nuTKAtT4r3IG8JNR2ncsIMdZuAzJjHQQ==",
      "license": "MIT",
      "optional": true
    },
    "node_modules/node-pty": {
      "version": "1.1.0",
      "resolved": "https://registry.npmjs.org/node-pty/-/node-pty-1.1.0.tgz",
      "integrity": "sha512-20JqtutY6JPXTUnL0ij1uad7Qe1baT46lyolh2sSENDd4sTzKZ4nmAFkeAARDKwmlLjPx6XKRlwRUxwjOy+lUg==",
      "hasInstallScript": true,
      "license": "MIT",
      "optional": true,
      "dependencies": {
        "node-addon-api": "^7.1.0"
      }
    },
    "node_modules/tokimeter": {
      "resolved": "packages/proxy",
      "link": true
    },
    "node_modules/tokimeter-vscode": {
      "resolved": "packages/vscode-extension",
      "link": true
    },
    "packages/core": {
      "name": "@tokimeter/core",
      "version": "0.2.0",
      "license": "MIT",
      "engines": {
        "node": ">=18"
      }
    },
    "packages/proxy": {
      "name": "tokimeter",
      "version": "0.5.7",
      "license": "MIT",
      "bin": {
        "tm": "src/cli.js",
        "tokimeter": "src/cli.js",
        "tokimeter-proxy": "src/server.js"
      },
      "engines": {
        "node": ">=18"
      },
      "optionalDependencies": {
        "node-pty": "^1.0.0"
      }
    },
    "packages/vscode-extension": {
      "name": "tokimeter-vscode",
      "version": "0.1.0",
      "license": "MIT",
      "devDependencies": {
        "@types/vscode": "^1.85.0"
      },
      "engines": {
        "vscode": "^1.85.0"
      }
    }
  }
}
